
Microsoft Visual Studio Solution File, Format Version 12.00
# Visual Studio Version 17
VisualStudioVersion = 17.5.002.0
MinimumVisualStudioVersion = 10.0.40219.1
Project("{FAE04EC0-301F-11D3-BF4B-00C04F79EFBC}") = "Chapter02", "Chapter02\Chapter02.csproj", "{D7D1C3EE-6BE7-44D8-9C2F-CF309BE6F2B4}"
EndProject
Project("{FAE04EC0-301F-11D3-BF4B-00C04F79EFBC}") = "Chapter03", "Chapter03\Chapter03.csproj", "{FD4F7729-369C-4C90-B5EA-DA0BB0EABB28}"
EndProject
Project("{FAE04EC0-301F-11D3-BF4B-00C04F79EFBC}") = "Chapter04", "Chapter04\Chapter04.csproj", "{A9AABB8D-50E0-4F5A-A6BD-E76DDAB5FAA5}"
EndProject
Project("{FAE04EC0-301F-11D3-BF4B-00C04F79EFBC}") = "Chapter05", "Chapter05\Chapter05.csproj", "{E348ECD9-1391-4493-A780-DD303B73031C}"
EndProject
Project("{FAE04EC0-301F-11D3-BF4B-00C04F79EFBC}") = "Chapter06", "Chapter06\Chapter06.csproj", "{ACEDFA28-7B92-418A-BCE9-6C0A3230928C}"
EndProject
Project("{FAE04EC0-301F-11D3-BF4B-00C04F79EFBC}") = "Chapter07", "Chapter07\Chapter07.csproj", "{EA40423B-9C82-4B62-A4C7-0CD2A8898900}"
EndProject
Project("{FAE04EC0-301F-11D3-BF4B-00C04F79EFBC}") = "Chapter07Tests", "Chapter07Tests\Chapter07Tests.csproj", "{E47B86FE-B03C-4BBB-944C-5C8C41280136}"
EndProject
Project("{FAE04EC0-301F-11D3-BF4B-00C04F79EFBC}") = "Chapter08", "Chapter08\Chapter08.csproj", "{70DD9ECB-647D-4068-9667-0B4B1E360B62}"
EndProject
Project("{FAE04EC0-301F-11D3-BF4B-00C04F79EFBC}") = "Chapter08Tests", "Chapter08Tests\Chapter08Tests.csproj", "{91B451C0-8B02-4805-B719-FB932BFC395A}"
EndProject
Project("{FAE04EC0-301F-11D3-BF4B-00C04F79EFBC}") = "Chapter11", "Chapter11\Chapter11.csproj", "{699BBA8A-AD53-4498-8D07-49FDCB07EA2F}"
EndProject
Global
	GlobalSection(SolutionConfigurationPlatforms) = preSolution
		Debug|Any CPU = Debug|Any CPU
		Release|Any CPU = Release|Any CPU
	EndGlobalSection
	GlobalSection(ProjectConfigurationPlatforms) = postSolution
		{DCDB1062-9E15-4D56-94EB-2483C264A412}.Debug|Any CPU.ActiveCfg = Debug|Any CPU
		{DCDB1062-9E15-4D56-94EB-2483C264A412}.Debug|Any CPU.Build.0 = Debug|Any CPU
		{DCDB1062-9E15-4D56-94EB-2483C264A412}.Release|Any CPU.ActiveCfg = Release|Any CPU
		{DCDB1062-9E15-4D56-94EB-2483C264A412}.Release|Any CPU.Build.0 = Release|Any CPU
		{FD4F7729-369C-4C90-B5EA-DA0BB0EABB28}.Debug|Any CPU.ActiveCfg = Debug|Any CPU
		{FD4F7729-369C-4C90-B5EA-DA0BB0EABB28}.Debug|Any CPU.Build.0 = Debug|Any CPU
		{FD4F7729-369C-4C90-B5EA-DA0BB0EABB28}.Release|Any CPU.ActiveCfg = Release|Any CPU
		{FD4F7729-369C-4C90-B5EA-DA0BB0EABB28}.Release|Any CPU.Build.0 = Release|Any CPU
		{A9AABB8D-50E0-4F5A-A6BD-E76DDAB5FAA5}.Debug|Any CPU.ActiveCfg = Debug|Any CPU
		{A9AABB8D-50E0-4F5A-A6BD-E76DDAB5FAA5}.Debug|Any CPU.Build.0 = Debug|Any CPU
		{A9AABB8D-50E0-4F5A-A6BD-E76DDAB5FAA5}.Release|Any CPU.ActiveCfg = Release|Any CPU
		{A9AABB8D-50E0-4F5A-A6BD-E76DDAB5FAA5}.Release|Any CPU.Build.0 = Release|Any CPU
		{C05FB69A-6DFD-461F-8D9B-A0AA1377F7FA}.Debug|Any CPU.ActiveCfg = Debug|Any CPU
		{C05FB69A-6DFD-461F-8D9B-A0AA1377F7FA}.Debug|Any CPU.Build.0 = Debug|Any CPU
		{C05FB69A-6DFD-461F-8D9B-A0AA1377F7FA}.Release|Any CPU.ActiveCfg = Release|Any CPU
		{C05FB69A-6DFD-461F-8D9B-A0AA1377F7FA}.Release|Any CPU.Build.0 = Release|Any CPU
		{0EC21202-0062-49F0-A3B9-2EC66FF1CF0B}.Debug|Any CPU.ActiveCfg = Debug|Any CPU
		{0EC21202-0062-49F0-A3B9-2EC66FF1CF0B}.Debug|Any CPU.Build.0 = Debug|Any CPU
		{0EC21202-0062-49F0-A3B9-2EC66FF1CF0B}.Release|Any CPU.ActiveCfg = Release|Any CPU
		{0EC21202-0062-49F0-A3B9-2EC66FF1CF0B}.Release|Any CPU.Build.0 = Release|Any CPU
		{C69B223E-7033-42DC-91B0-D60BC31ECE3A}.Debug|Any CPU.ActiveCfg = Debug|Any CPU
		{C69B223E-7033-42DC-91B0-D60BC31ECE3A}.Debug|Any CPU.Build.0 = Debug|Any CPU
		{C69B223E-7033-42DC-91B0-D60BC31ECE3A}.Release|Any CPU.ActiveCfg = Release|Any CPU
		{C69B223E-7033-42DC-91B0-D60BC31ECE3A}.Release|Any CPU.Build.0 = Release|Any CPU
		{70ABD57D-ED55-4702-955F-200765B29EA1}.Debug|Any CPU.ActiveCfg = Debug|Any CPU
		{70ABD57D-ED55-4702-955F-200765B29EA1}.Debug|Any CPU.Build.0 = Debug|Any CPU
		{70ABD57D-ED55-4702-955F-200765B29EA1}.Release|Any CPU.ActiveCfg = Release|Any CPU
		{70ABD57D-ED55-4702-955F-200765B29EA1}.Release|Any CPU.Build.0 = Release|Any CPU
		{2ED0778F-94E6-4F8D-8E77-7AF6E30885EF}.Debug|Any CPU.ActiveCfg = Debug|Any CPU
		{2ED0778F-94E6-4F8D-8E77-7AF6E30885EF}.Debug|Any CPU.Build.0 = Debug|Any CPU
		{2ED0778F-94E6-4F8D-8E77-7AF6E30885EF}.Release|Any CPU.ActiveCfg = Release|Any CPU
		{2ED0778F-94E6-4F8D-8E77-7AF6E30885EF}.Release|Any CPU.Build.0 = Release|Any CPU
		{D7D1C3EE-6BE7-44D8-9C2F-CF309BE6F2B4}.Debug|Any CPU.ActiveCfg = Debug|Any CPU
		{D7D1C3EE-6BE7-44D8-9C2F-CF309BE6F2B4}.Debug|Any CPU.Build.0 = Debug|Any CPU
		{D7D1C3EE-6BE7-44D8-9C2F-CF309BE6F2B4}.Release|Any CPU.ActiveCfg = Release|Any CPU
		{D7D1C3EE-6BE7-44D8-9C2F-CF309BE6F2B4}.Release|Any CPU.Build.0 = Release|Any CPU
		{E348ECD9-1391-4493-A780-DD303B73031C}.Debug|Any CPU.ActiveCfg = Debug|Any CPU
		{E348ECD9-1391-4493-A780-DD303B73031C}.Debug|Any CPU.Build.0 = Debug|Any CPU
		{E348ECD9-1391-4493-A780-DD303B73031C}.Release|Any CPU.ActiveCfg = Release|Any CPU
		{E348ECD9-1391-4493-A780-DD303B73031C}.Release|Any CPU.Build.0 = Release|Any CPU
		{ACEDFA28-7B92-418A-BCE9-6C0A3230928C}.Debug|Any CPU.ActiveCfg = Debug|Any CPU
		{ACEDFA28-7B92-418A-BCE9-6C0A3230928C}.Debug|Any CPU.Build.0 = Debug|Any CPU
		{ACEDFA28-7B92-418A-BCE9-6C0A3230928C}.Release|Any CPU.ActiveCfg = Release|Any CPU
		{ACEDFA28-7B92-418A-BCE9-6C0A3230928C}.Release|Any CPU.Build.0 = Release|Any CPU
		{EA40423B-9C82-4B62-A4C7-0CD2A8898900}.Debug|Any CPU.ActiveCfg = Debug|Any CPU
		{EA40423B-9C82-4B62-A4C7-0CD2A8898900}.Debug|Any CPU.Build.0 = Debug|Any CPU
		{EA40423B-9C82-4B62-A4C7-0CD2A8898900}.Release|Any CPU.ActiveCfg = Release|Any CPU
		{EA40423B-9C82-4B62-A4C7-0CD2A8898900}.Release|Any CPU.Build.0 = Release|Any CPU
		{E47B86FE-B03C-4BBB-944C-5C8C41280136}.Debug|Any CPU.ActiveCfg = Debug|Any CPU
		{E47B86FE-B03C-4BBB-944C-5C8C41280136}.Debug|Any CPU.Build.0 = Debug|Any CPU
		{E47B86FE-B03C-4BBB-944C-5C8C41280136}.Release|Any CPU.ActiveCfg = Release|Any CPU
		{E47B86FE-B03C-4BBB-944C-5C8C41280136}.Release|Any CPU.Build.0 = Release|Any CPU
		{70DD9ECB-647D-4068-9667-0B4B1E360B62}.Debug|Any CPU.ActiveCfg = Debug|Any CPU
		{70DD9ECB-647D-4068-9667-0B4B1E360B62}.Debug|Any CPU.Build.0 = Debug|Any CPU
		{70DD9ECB-647D-4068-9667-0B4B1E360B62}.Release|Any CPU.ActiveCfg = Release|Any CPU
		{70DD9ECB-647D-4068-9667-0B4B1E360B62}.Release|Any CPU.Build.0 = Release|Any CPU
		{91B451C0-8B02-4805-B719-FB932BFC395A}.Debug|Any CPU.ActiveCfg = Debug|Any CPU
		{91B451C0-8B02-4805-B719-FB932BFC395A}.Debug|Any CPU.Build.0 = Debug|Any CPU
		{91B451C0-8B02-4805-B719-FB932BFC395A}.Release|Any CPU.ActiveCfg = Release|Any CPU
		{91B451C0-8B02-4805-B719-FB932BFC395A}.Release|Any CPU.Build.0 = Release|Any CPU
		{699BBA8A-AD53-4498-8D07-49FDCB07EA2F}.Debug|Any CPU.ActiveCfg = Debug|Any CPU
		{699BBA8A-AD53-4498-8D07-49FDCB07EA2F}.Debug|Any CPU.Build.0 = Debug|Any CPU
		{699BBA8A-AD53-4498-8D07-49FDCB07EA2F}.Release|Any CPU.ActiveCfg = Release|Any CPU
		{699BBA8A-AD53-4498-8D07-49FDCB07EA2F}.Release|Any CPU.Build.0 = Release|Any CPU
	EndGlobalSection
	GlobalSection(SolutionProperties) = preSolution
		HideSolutionNode = FALSE
	EndGlobalSection
	GlobalSection(ExtensibilityGlobals) = postSolution
		SolutionGuid = {DFA435D1-EF6A-4767-A413-6E7303846485}
	EndGlobalSection
EndGlobal
